{
  "version": 4,
  "terraform_version": "0.12.21",
  "serial": 13,
  "lineage": "cce84673-b8f8-c0d9-38f3-89c14618ffae",
  "outputs": {},
  "resources": [
    {
      "mode": "managed",
      "type": "azurerm_network_interface",
      "name": "nic",
      "each": "list",
      "provider": "provider.azurerm",
      "instances": [
        {
          "index_key": 0,
          "schema_version": 0,
          "attributes": {
            "applied_dns_servers": [],
            "dns_servers": [],
            "enable_accelerated_networking": false,
            "enable_ip_forwarding": false,
            "id": "/subscriptions/3706affc-6bc1-4899-8426-0ab1627a2d8a/resourceGroups/rg_pile_1/providers/Microsoft.Network/networkInterfaces/nic0",
            "internal_dns_name_label": "",
            "ip_configuration": [
              {
                "name": "internal",
                "primary": true,
                "private_ip_address": "10.0.1.4",
                "private_ip_address_allocation": "Dynamic",
                "private_ip_address_version": "IPv4",
                "public_ip_address_id": "/subscriptions/3706affc-6bc1-4899-8426-0ab1627a2d8a/resourceGroups/rg_pile_1/providers/Microsoft.Network/publicIPAddresses/ip_pub",
                "subnet_id": "/subscriptions/3706affc-6bc1-4899-8426-0ab1627a2d8a/resourceGroups/rg_pile_1/providers/Microsoft.Network/virtualNetworks/mon_vn/subnets/subnet0"
              }
            ],
            "location": "westeurope",
            "mac_address": "00-0D-3A-21-E0-D8",
            "name": "nic0",
            "private_ip_address": "10.0.1.4",
            "private_ip_addresses": [
              "10.0.1.4"
            ],
            "resource_group_name": "rg_pile_1",
            "tags": {},
            "timeouts": null,
            "virtual_machine_id": "/subscriptions/3706affc-6bc1-4899-8426-0ab1627a2d8a/resourceGroups/rg_pile_1/providers/Microsoft.Compute/virtualMachines/jenkinsVM"
          },
          "private": "eyJlMmJmYjczMC1lY2FhLTExZTYtOGY4OC0zNDM2M2JjN2M0YzAiOnsiY3JlYXRlIjoxODAwMDAwMDAwMDAwLCJkZWxldGUiOjE4MDAwMDAwMDAwMDAsInJlYWQiOjMwMDAwMDAwMDAwMCwidXBkYXRlIjoxODAwMDAwMDAwMDAwfX0=",
          "dependencies": [
            "azurerm_public_ip.pub_ip",
            "azurerm_resource_group.rg",
            "azurerm_subnet.subnet"
          ]
        }
      ]
    },
    {
      "mode": "managed",
      "type": "azurerm_network_security_group",
      "name": "secu",
      "provider": "provider.azurerm",
      "instances": [
        {
          "schema_version": 0,
          "attributes": {
            "id": "/subscriptions/3706affc-6bc1-4899-8426-0ab1627a2d8a/resourceGroups/rg_pile_1/providers/Microsoft.Network/networkSecurityGroups/secu_group",
            "location": "westeurope",
            "name": "secu_group",
            "resource_group_name": "rg_pile_1",
            "security_rule": [
              {
                "access": "Allow",
                "description": "",
                "destination_address_prefix": "*",
                "destination_address_prefixes": [],
                "destination_application_security_group_ids": [],
                "destination_port_range": "22",
                "destination_port_ranges": [],
                "direction": "Inbound",
                "name": "ssh_rule",
                "priority": 100,
                "protocol": "Tcp",
                "source_address_prefix": "*",
                "source_address_prefixes": [],
                "source_application_security_group_ids": [],
                "source_port_range": "*",
                "source_port_ranges": []
              },
              {
                "access": "Allow",
                "description": "",
                "destination_address_prefix": "*",
                "destination_address_prefixes": [],
                "destination_application_security_group_ids": [],
                "destination_port_range": "443",
                "destination_port_ranges": [],
                "direction": "Inbound",
                "name": "https_rule",
                "priority": 102,
                "protocol": "Tcp",
                "source_address_prefix": "*",
                "source_address_prefixes": [],
                "source_application_security_group_ids": [],
                "source_port_range": "*",
                "source_port_ranges": []
              },
              {
                "access": "Allow",
                "description": "",
                "destination_address_prefix": "*",
                "destination_address_prefixes": [],
                "destination_application_security_group_ids": [],
                "destination_port_range": "80",
                "destination_port_ranges": [],
                "direction": "Inbound",
                "name": "http_rule",
                "priority": 101,
                "protocol": "Tcp",
                "source_address_prefix": "*",
                "source_address_prefixes": [],
                "source_application_security_group_ids": [],
                "source_port_range": "*",
                "source_port_ranges": []
              },
              {
                "access": "Allow",
                "description": "",
                "destination_address_prefix": "*",
                "destination_address_prefixes": [],
                "destination_application_security_group_ids": [],
                "destination_port_range": "8080",
                "destination_port_ranges": [],
                "direction": "Inbound",
                "name": "jenkins_rule",
                "priority": 103,
                "protocol": "Tcp",
                "source_address_prefix": "*",
                "source_address_prefixes": [],
                "source_application_security_group_ids": [],
                "source_port_range": "*",
                "source_port_ranges": []
              }
            ],
            "tags": {},
            "timeouts": null
          },
          "private": "eyJlMmJmYjczMC1lY2FhLTExZTYtOGY4OC0zNDM2M2JjN2M0YzAiOnsiY3JlYXRlIjoxODAwMDAwMDAwMDAwLCJkZWxldGUiOjE4MDAwMDAwMDAwMDAsInJlYWQiOjMwMDAwMDAwMDAwMCwidXBkYXRlIjoxODAwMDAwMDAwMDAwfX0=",
          "dependencies": [
            "azurerm_resource_group.rg"
          ]
        }
      ]
    },
    {
      "mode": "managed",
      "type": "azurerm_public_ip",
      "name": "pub_ip",
      "provider": "provider.azurerm",
      "instances": [
        {
          "schema_version": 0,
          "attributes": {
            "allocation_method": "Static",
            "domain_name_label": "pilecomplete",
            "fqdn": "pilecomplete.westeurope.cloudapp.azure.com",
            "id": "/subscriptions/3706affc-6bc1-4899-8426-0ab1627a2d8a/resourceGroups/rg_pile_1/providers/Microsoft.Network/publicIPAddresses/ip_pub",
            "idle_timeout_in_minutes": 4,
            "ip_address": "52.157.84.181",
            "ip_version": "IPv4",
            "location": "westeurope",
            "name": "ip_pub",
            "public_ip_prefix_id": null,
            "resource_group_name": "rg_pile_1",
            "reverse_fqdn": "",
            "sku": "Basic",
            "tags": {},
            "timeouts": null,
            "zones": []
          },
          "private": "eyJlMmJmYjczMC1lY2FhLTExZTYtOGY4OC0zNDM2M2JjN2M0YzAiOnsiY3JlYXRlIjoxODAwMDAwMDAwMDAwLCJkZWxldGUiOjE4MDAwMDAwMDAwMDAsInJlYWQiOjMwMDAwMDAwMDAwMCwidXBkYXRlIjoxODAwMDAwMDAwMDAwfX0=",
          "dependencies": [
            "azurerm_resource_group.rg"
          ]
        }
      ]
    },
    {
      "mode": "managed",
      "type": "azurerm_resource_group",
      "name": "rg",
      "provider": "provider.azurerm",
      "instances": [
        {
          "schema_version": 0,
          "attributes": {
            "id": "/subscriptions/3706affc-6bc1-4899-8426-0ab1627a2d8a/resourceGroups/rg_pile_1",
            "location": "westeurope",
            "name": "rg_pile_1",
            "tags": {},
            "timeouts": null
          },
          "private": "eyJlMmJmYjczMC1lY2FhLTExZTYtOGY4OC0zNDM2M2JjN2M0YzAiOnsiY3JlYXRlIjo1NDAwMDAwMDAwMDAwLCJkZWxldGUiOjU0MDAwMDAwMDAwMDAsInJlYWQiOjMwMDAwMDAwMDAwMCwidXBkYXRlIjo1NDAwMDAwMDAwMDAwfX0="
        }
      ]
    },
    {
      "mode": "managed",
      "type": "azurerm_subnet",
      "name": "subnet",
      "each": "list",
      "provider": "provider.azurerm",
      "instances": [
        {
          "index_key": 0,
          "schema_version": 0,
          "attributes": {
            "address_prefix": "10.0.1.0/24",
            "delegation": [],
            "enforce_private_link_endpoint_network_policies": false,
            "enforce_private_link_service_network_policies": false,
            "id": "/subscriptions/3706affc-6bc1-4899-8426-0ab1627a2d8a/resourceGroups/rg_pile_1/providers/Microsoft.Network/virtualNetworks/mon_vn/subnets/subnet0",
            "name": "subnet0",
            "resource_group_name": "rg_pile_1",
            "service_endpoints": [],
            "timeouts": null,
            "virtual_network_name": "mon_vn"
          },
          "private": "eyJlMmJmYjczMC1lY2FhLTExZTYtOGY4OC0zNDM2M2JjN2M0YzAiOnsiY3JlYXRlIjoxODAwMDAwMDAwMDAwLCJkZWxldGUiOjE4MDAwMDAwMDAwMDAsInJlYWQiOjMwMDAwMDAwMDAwMCwidXBkYXRlIjoxODAwMDAwMDAwMDAwfX0=",
          "dependencies": [
            "azurerm_resource_group.rg",
            "azurerm_virtual_network.vnet"
          ]
        }
      ]
    },
    {
      "mode": "managed",
      "type": "azurerm_subnet_network_security_group_association",
      "name": "secu_assoc1",
      "each": "list",
      "provider": "provider.azurerm",
      "instances": [
        {
          "index_key": 0,
          "schema_version": 0,
          "attributes": {
            "id": "/subscriptions/3706affc-6bc1-4899-8426-0ab1627a2d8a/resourceGroups/rg_pile_1/providers/Microsoft.Network/virtualNetworks/mon_vn/subnets/subnet0",
            "network_security_group_id": "/subscriptions/3706affc-6bc1-4899-8426-0ab1627a2d8a/resourceGroups/rg_pile_1/providers/Microsoft.Network/networkSecurityGroups/secu_group",
            "subnet_id": "/subscriptions/3706affc-6bc1-4899-8426-0ab1627a2d8a/resourceGroups/rg_pile_1/providers/Microsoft.Network/virtualNetworks/mon_vn/subnets/subnet0",
            "timeouts": null
          },
          "private": "eyJlMmJmYjczMC1lY2FhLTExZTYtOGY4OC0zNDM2M2JjN2M0YzAiOnsiY3JlYXRlIjoxODAwMDAwMDAwMDAwLCJkZWxldGUiOjE4MDAwMDAwMDAwMDAsInJlYWQiOjMwMDAwMDAwMDAwMCwidXBkYXRlIjoxODAwMDAwMDAwMDAwfX0=",
          "dependencies": [
            "azurerm_network_security_group.secu",
            "azurerm_resource_group.rg",
            "azurerm_subnet.subnet",
            "azurerm_virtual_network.vnet"
          ]
        }
      ]
    },
    {
      "mode": "managed",
      "type": "azurerm_virtual_machine",
      "name": "jenkinsVM",
      "each": "list",
      "provider": "provider.azurerm",
      "instances": [
        {
          "index_key": 0,
          "schema_version": 0,
          "attributes": {
            "additional_capabilities": [],
            "availability_set_id": null,
            "boot_diagnostics": [],
            "delete_data_disks_on_termination": true,
            "delete_os_disk_on_termination": true,
            "id": "/subscriptions/3706affc-6bc1-4899-8426-0ab1627a2d8a/resourceGroups/rg_pile_1/providers/Microsoft.Compute/virtualMachines/jenkinsVM",
            "identity": [],
            "license_type": null,
            "location": "westeurope",
            "name": "jenkinsVM",
            "network_interface_ids": [
              "/subscriptions/3706affc-6bc1-4899-8426-0ab1627a2d8a/resourceGroups/rg_pile_1/providers/Microsoft.Network/networkInterfaces/nic0"
            ],
            "os_profile": [
              {
                "admin_password": "",
                "admin_username": "raphly",
                "computer_name": "jenkinsVM",
                "custom_data": ""
              }
            ],
            "os_profile_linux_config": [
              {
                "disable_password_authentication": true,
                "ssh_keys": [
                  {
                    "key_data": "ssh-rsa AAAAB3NzaC1yc2EAAAADAQABAAABAQDSNSM0gFrusP/IKMlX5rnPGJDjk68KZ+fHLxkcXO8Y71vE/ss5e4YqLvzWZ1NHVjaud9HsiBZ9AG2gvz6WGKIgpehPuuRN70ezvKTNYq30codfpv5jQUSqfhqh19ttalBBnOHlY0RttmE+l+ZA+Wz3Uvlgz8Yhc8YauVwdDdiYlo5PWGVeZg81S9PlYhGykM2JBptcxBEVqdqCg8Hj3aGhisB9QaNAR4E0haa6GDZnqD0Tu7eiZoL3B2dAVAmiCjLxZNQLpnR51kaQFCugxlM+K8WHZb+rBpiRQN+v4U4722dAsNN9jgQIcIhTQu9qJWFb/vGK8Iwb/fTf+SDqe47D vagrant@localhost.localdomain",
                    "path": "/home/raphly/.ssh/authorized_keys"
                  }
                ]
              }
            ],
            "os_profile_secrets": [],
            "os_profile_windows_config": [],
            "plan": [],
            "primary_network_interface_id": null,
            "proximity_placement_group_id": null,
            "resource_group_name": "rg_pile_1",
            "storage_data_disk": [],
            "storage_image_reference": [
              {
                "id": "",
                "offer": "CentOS",
                "publisher": "OpenLogic",
                "sku": "7.6",
                "version": "latest"
              }
            ],
            "storage_os_disk": [
              {
                "caching": "ReadWrite",
                "create_option": "FromImage",
                "disk_size_gb": 30,
                "image_uri": "",
                "managed_disk_id": "/subscriptions/3706affc-6bc1-4899-8426-0ab1627a2d8a/resourceGroups/RG_PILE_1/providers/Microsoft.Compute/disks/disque_jenkinsVM",
                "managed_disk_type": "Standard_LRS",
                "name": "disque_jenkinsVM",
                "os_type": "Linux",
                "vhd_uri": "",
                "write_accelerator_enabled": false
              }
            ],
            "tags": {},
            "timeouts": null,
            "vm_size": "Standard_B1s",
            "zones": []
          },
          "private": "eyJlMmJmYjczMC1lY2FhLTExZTYtOGY4OC0zNDM2M2JjN2M0YzAiOnsiY3JlYXRlIjozNjAwMDAwMDAwMDAwLCJkZWxldGUiOjM2MDAwMDAwMDAwMDAsInJlYWQiOjMwMDAwMDAwMDAwMCwidXBkYXRlIjozNjAwMDAwMDAwMDAwfX0=",
          "dependencies": [
            "azurerm_network_interface.nic",
            "azurerm_public_ip.pub_ip",
            "azurerm_resource_group.rg",
            "azurerm_subnet.subnet"
          ]
        }
      ]
    },
    {
      "mode": "managed",
      "type": "azurerm_virtual_network",
      "name": "vnet",
      "provider": "provider.azurerm",
      "instances": [
        {
          "schema_version": 0,
          "attributes": {
            "address_space": [
              "10.0.0.0/16"
            ],
            "ddos_protection_plan": [],
            "dns_servers": [],
            "id": "/subscriptions/3706affc-6bc1-4899-8426-0ab1627a2d8a/resourceGroups/rg_pile_1/providers/Microsoft.Network/virtualNetworks/mon_vn",
            "location": "westeurope",
            "name": "mon_vn",
            "resource_group_name": "rg_pile_1",
            "subnet": [
              {
                "address_prefix": "10.0.1.0/24",
                "id": "/subscriptions/3706affc-6bc1-4899-8426-0ab1627a2d8a/resourceGroups/rg_pile_1/providers/Microsoft.Network/virtualNetworks/mon_vn/subnets/subnet0",
                "name": "subnet0",
                "security_group": "/subscriptions/3706affc-6bc1-4899-8426-0ab1627a2d8a/resourceGroups/rg_pile_1/providers/Microsoft.Network/networkSecurityGroups/secu_group"
              }
            ],
            "tags": {},
            "timeouts": null
          },
          "private": "eyJlMmJmYjczMC1lY2FhLTExZTYtOGY4OC0zNDM2M2JjN2M0YzAiOnsiY3JlYXRlIjoxODAwMDAwMDAwMDAwLCJkZWxldGUiOjE4MDAwMDAwMDAwMDAsInJlYWQiOjMwMDAwMDAwMDAwMCwidXBkYXRlIjoxODAwMDAwMDAwMDAwfX0=",
          "dependencies": [
            "azurerm_resource_group.rg"
          ]
        }
      ]
    }
  ]
}
