{
  "version": 4,
  "terraform_version": "0.12.21",
  "serial": 150,
  "lineage": "2566cf2f-793d-2102-663a-6eb831329119",
  "outputs": {},
  "resources": [
    {
      "mode": "managed",
      "type": "azurerm_network_interface",
      "name": "nic",
      "each": "list",
      "provider": "provider.azurerm",
      "instances": [
        {
          "index_key": 0,
          "schema_version": 0,
          "attributes": {
            "applied_dns_servers": [],
            "dns_servers": [],
            "enable_accelerated_networking": false,
            "enable_ip_forwarding": false,
            "id": "/subscriptions/f885022c-6f84-4f86-b1df-f5ba31f0f071/resourceGroups/rg_fri/providers/Microsoft.Network/networkInterfaces/nic0",
            "internal_dns_name_label": "",
            "ip_configuration": [
              {
                "name": "internal",
                "primary": true,
                "private_ip_address": "10.0.1.4",
                "private_ip_address_allocation": "Dynamic",
                "private_ip_address_version": "IPv4",
                "public_ip_address_id": "",
                "subnet_id": "/subscriptions/f885022c-6f84-4f86-b1df-f5ba31f0f071/resourceGroups/rg_fri/providers/Microsoft.Network/virtualNetworks/mon_vn/subnets/subnet0"
              }
            ],
            "location": "westeurope",
            "mac_address": "00-0D-3A-BB-54-9C",
            "name": "nic0",
            "private_ip_address": "10.0.1.4",
            "private_ip_addresses": [
              "10.0.1.4"
            ],
            "resource_group_name": "rg_fri",
            "tags": {},
            "timeouts": null,
            "virtual_machine_id": "/subscriptions/f885022c-6f84-4f86-b1df-f5ba31f0f071/resourceGroups/rg_fri/providers/Microsoft.Compute/virtualMachines/jenkinsVM"
          },
          "private": "eyJlMmJmYjczMC1lY2FhLTExZTYtOGY4OC0zNDM2M2JjN2M0YzAiOnsiY3JlYXRlIjoxODAwMDAwMDAwMDAwLCJkZWxldGUiOjE4MDAwMDAwMDAwMDAsInJlYWQiOjMwMDAwMDAwMDAwMCwidXBkYXRlIjoxODAwMDAwMDAwMDAwfX0=",
          "dependencies": [
            "azurerm_public_ip.pub_ip",
            "azurerm_resource_group.rg",
            "azurerm_subnet.subnet",
            "azurerm_virtual_network.vnet"
          ]
        },
        {
          "index_key": 1,
          "schema_version": 0,
          "attributes": {
            "applied_dns_servers": [],
            "dns_servers": [],
            "enable_accelerated_networking": false,
            "enable_ip_forwarding": false,
            "id": "/subscriptions/f885022c-6f84-4f86-b1df-f5ba31f0f071/resourceGroups/rg_fri/providers/Microsoft.Network/networkInterfaces/nic1",
            "internal_dns_name_label": "",
            "ip_configuration": [
              {
                "name": "internal",
                "primary": true,
                "private_ip_address": "10.0.2.4",
                "private_ip_address_allocation": "Dynamic",
                "private_ip_address_version": "IPv4",
                "public_ip_address_id": "",
                "subnet_id": "/subscriptions/f885022c-6f84-4f86-b1df-f5ba31f0f071/resourceGroups/rg_fri/providers/Microsoft.Network/virtualNetworks/mon_vn/subnets/subnet1"
              }
            ],
            "location": "westeurope",
            "mac_address": "00-0D-3A-BC-3F-F6",
            "name": "nic1",
            "private_ip_address": "10.0.2.4",
            "private_ip_addresses": [
              "10.0.2.4"
            ],
            "resource_group_name": "rg_fri",
            "tags": {},
            "timeouts": null,
            "virtual_machine_id": "/subscriptions/f885022c-6f84-4f86-b1df-f5ba31f0f071/resourceGroups/rg_fri/providers/Microsoft.Compute/virtualMachines/dockerVM"
          },
          "private": "eyJlMmJmYjczMC1lY2FhLTExZTYtOGY4OC0zNDM2M2JjN2M0YzAiOnsiY3JlYXRlIjoxODAwMDAwMDAwMDAwLCJkZWxldGUiOjE4MDAwMDAwMDAwMDAsInJlYWQiOjMwMDAwMDAwMDAwMCwidXBkYXRlIjoxODAwMDAwMDAwMDAwfX0=",
          "dependencies": [
            "azurerm_public_ip.pub_ip",
            "azurerm_resource_group.rg",
            "azurerm_subnet.subnet",
            "azurerm_virtual_network.vnet"
          ]
        },
        {
          "index_key": 2,
          "schema_version": 0,
          "attributes": {
            "applied_dns_servers": [],
            "dns_servers": [],
            "enable_accelerated_networking": false,
            "enable_ip_forwarding": false,
            "id": "/subscriptions/f885022c-6f84-4f86-b1df-f5ba31f0f071/resourceGroups/rg_fri/providers/Microsoft.Network/networkInterfaces/nic2",
            "internal_dns_name_label": "",
            "ip_configuration": [
              {
                "name": "internal",
                "primary": true,
                "private_ip_address": "10.0.3.4",
                "private_ip_address_allocation": "Dynamic",
                "private_ip_address_version": "IPv4",
                "public_ip_address_id": "/subscriptions/f885022c-6f84-4f86-b1df-f5ba31f0f071/resourceGroups/rg_fri/providers/Microsoft.Network/publicIPAddresses/ip_pub2",
                "subnet_id": "/subscriptions/f885022c-6f84-4f86-b1df-f5ba31f0f071/resourceGroups/rg_fri/providers/Microsoft.Network/virtualNetworks/mon_vn/subnets/subnet2"
              }
            ],
            "location": "westeurope",
            "mac_address": "00-0D-3A-A8-DE-C8",
            "name": "nic2",
            "private_ip_address": "10.0.3.4",
            "private_ip_addresses": [
              "10.0.3.4"
            ],
            "resource_group_name": "rg_fri",
            "tags": {},
            "timeouts": null,
            "virtual_machine_id": "/subscriptions/f885022c-6f84-4f86-b1df-f5ba31f0f071/resourceGroups/rg_fri/providers/Microsoft.Compute/virtualMachines/reverseproxy"
          },
          "private": "eyJlMmJmYjczMC1lY2FhLTExZTYtOGY4OC0zNDM2M2JjN2M0YzAiOnsiY3JlYXRlIjoxODAwMDAwMDAwMDAwLCJkZWxldGUiOjE4MDAwMDAwMDAwMDAsInJlYWQiOjMwMDAwMDAwMDAwMCwidXBkYXRlIjoxODAwMDAwMDAwMDAwfX0=",
          "dependencies": [
            "azurerm_public_ip.pub_ip",
            "azurerm_resource_group.rg",
            "azurerm_subnet.subnet",
            "azurerm_virtual_network.vnet"
          ]
        }
      ]
    },
    {
      "mode": "managed",
      "type": "azurerm_network_security_group",
      "name": "secu",
      "provider": "provider.azurerm",
      "instances": [
        {
          "schema_version": 0,
          "attributes": {
            "id": "/subscriptions/f885022c-6f84-4f86-b1df-f5ba31f0f071/resourceGroups/rg_fri/providers/Microsoft.Network/networkSecurityGroups/secu_group",
            "location": "westeurope",
            "name": "secu_group",
            "resource_group_name": "rg_fri",
            "security_rule": [
              {
                "access": "Allow",
                "description": "",
                "destination_address_prefix": "*",
                "destination_address_prefixes": [],
                "destination_application_security_group_ids": [],
                "destination_port_range": "22",
                "destination_port_ranges": [],
                "direction": "Inbound",
                "name": "ssh_rule",
                "priority": 100,
                "protocol": "Tcp",
                "source_address_prefix": "*",
                "source_address_prefixes": [],
                "source_application_security_group_ids": [],
                "source_port_range": "*",
                "source_port_ranges": []
              },
              {
                "access": "Allow",
                "description": "",
                "destination_address_prefix": "*",
                "destination_address_prefixes": [],
                "destination_application_security_group_ids": [],
                "destination_port_range": "443",
                "destination_port_ranges": [],
                "direction": "Inbound",
                "name": "https_rule",
                "priority": 102,
                "protocol": "Tcp",
                "source_address_prefix": "*",
                "source_address_prefixes": [],
                "source_application_security_group_ids": [],
                "source_port_range": "*",
                "source_port_ranges": []
              },
              {
                "access": "Allow",
                "description": "",
                "destination_address_prefix": "*",
                "destination_address_prefixes": [],
                "destination_application_security_group_ids": [],
                "destination_port_range": "80",
                "destination_port_ranges": [],
                "direction": "Inbound",
                "name": "http_rule",
                "priority": 101,
                "protocol": "Tcp",
                "source_address_prefix": "*",
                "source_address_prefixes": [],
                "source_application_security_group_ids": [],
                "source_port_range": "*",
                "source_port_ranges": []
              },
              {
                "access": "Allow",
                "description": "",
                "destination_address_prefix": "*",
                "destination_address_prefixes": [],
                "destination_application_security_group_ids": [],
                "destination_port_range": "8080",
                "destination_port_ranges": [],
                "direction": "Inbound",
                "name": "jenkins_rule",
                "priority": 103,
                "protocol": "Tcp",
                "source_address_prefix": "*",
                "source_address_prefixes": [],
                "source_application_security_group_ids": [],
                "source_port_range": "*",
                "source_port_ranges": []
              }
            ],
            "tags": {},
            "timeouts": null
          },
          "private": "eyJlMmJmYjczMC1lY2FhLTExZTYtOGY4OC0zNDM2M2JjN2M0YzAiOnsiY3JlYXRlIjoxODAwMDAwMDAwMDAwLCJkZWxldGUiOjE4MDAwMDAwMDAwMDAsInJlYWQiOjMwMDAwMDAwMDAwMCwidXBkYXRlIjoxODAwMDAwMDAwMDAwfX0=",
          "dependencies": [
            "azurerm_resource_group.rg"
          ]
        }
      ]
    },
    {
      "mode": "managed",
      "type": "azurerm_public_ip",
      "name": "pub_ip",
      "provider": "provider.azurerm",
      "instances": [
        {
          "schema_version": 0,
          "attributes": {
            "allocation_method": "Static",
            "domain_name_label": "mambodevops",
            "fqdn": "mambodevops.westeurope.cloudapp.azure.com",
            "id": "/subscriptions/f885022c-6f84-4f86-b1df-f5ba31f0f071/resourceGroups/rg_fri/providers/Microsoft.Network/publicIPAddresses/ip_pub",
            "idle_timeout_in_minutes": 4,
            "ip_address": "104.46.41.179",
            "ip_version": "IPv4",
            "location": "westeurope",
            "name": "ip_pub",
            "public_ip_prefix_id": null,
            "resource_group_name": "rg_fri",
            "reverse_fqdn": "",
            "sku": "Basic",
            "tags": null,
            "timeouts": null,
            "zones": null
          },
          "private": "eyJlMmJmYjczMC1lY2FhLTExZTYtOGY4OC0zNDM2M2JjN2M0YzAiOnsiY3JlYXRlIjoxODAwMDAwMDAwMDAwLCJkZWxldGUiOjE4MDAwMDAwMDAwMDAsInJlYWQiOjMwMDAwMDAwMDAwMCwidXBkYXRlIjoxODAwMDAwMDAwMDAwfX0=",
          "dependencies": [
            "azurerm_resource_group.rg"
          ]
        },
        {
          "index_key": 2,
          "schema_version": 0,
          "attributes": {
            "allocation_method": "Static",
            "domain_name_label": null,
            "fqdn": null,
            "id": "/subscriptions/f885022c-6f84-4f86-b1df-f5ba31f0f071/resourceGroups/rg_fri/providers/Microsoft.Network/publicIPAddresses/ip_pub2",
            "idle_timeout_in_minutes": 4,
            "ip_address": "52.157.64.223",
            "ip_version": "IPv4",
            "location": "westeurope",
            "name": "ip_pub2",
            "public_ip_prefix_id": null,
            "resource_group_name": "rg_fri",
            "reverse_fqdn": null,
            "sku": "Basic",
            "tags": {},
            "timeouts": null,
            "zones": []
          }
        }
      ]
    },
    {
      "mode": "managed",
      "type": "azurerm_resource_group",
      "name": "rg",
      "provider": "provider.azurerm",
      "instances": [
        {
          "schema_version": 0,
          "attributes": {
            "id": "/subscriptions/f885022c-6f84-4f86-b1df-f5ba31f0f071/resourceGroups/rg_fri",
            "location": "westeurope",
            "name": "rg_fri",
            "tags": {},
            "timeouts": null
          },
          "private": "eyJlMmJmYjczMC1lY2FhLTExZTYtOGY4OC0zNDM2M2JjN2M0YzAiOnsiY3JlYXRlIjo1NDAwMDAwMDAwMDAwLCJkZWxldGUiOjU0MDAwMDAwMDAwMDAsInJlYWQiOjMwMDAwMDAwMDAwMCwidXBkYXRlIjo1NDAwMDAwMDAwMDAwfX0="
        }
      ]
    },
    {
      "mode": "managed",
      "type": "azurerm_subnet",
      "name": "subnet",
      "each": "list",
      "provider": "provider.azurerm",
      "instances": [
        {
          "index_key": 0,
          "schema_version": 0,
          "attributes": {
            "address_prefix": "10.0.1.0/24",
            "delegation": [],
            "enforce_private_link_endpoint_network_policies": false,
            "enforce_private_link_service_network_policies": false,
            "id": "/subscriptions/f885022c-6f84-4f86-b1df-f5ba31f0f071/resourceGroups/rg_fri/providers/Microsoft.Network/virtualNetworks/mon_vn/subnets/subnet0",
            "name": "subnet0",
            "resource_group_name": "rg_fri",
            "service_endpoints": [],
            "timeouts": null,
            "virtual_network_name": "mon_vn"
          },
          "private": "eyJlMmJmYjczMC1lY2FhLTExZTYtOGY4OC0zNDM2M2JjN2M0YzAiOnsiY3JlYXRlIjoxODAwMDAwMDAwMDAwLCJkZWxldGUiOjE4MDAwMDAwMDAwMDAsInJlYWQiOjMwMDAwMDAwMDAwMCwidXBkYXRlIjoxODAwMDAwMDAwMDAwfX0=",
          "dependencies": [
            "azurerm_resource_group.rg",
            "azurerm_virtual_network.vnet"
          ]
        },
        {
          "index_key": 1,
          "schema_version": 0,
          "attributes": {
            "address_prefix": "10.0.2.0/24",
            "delegation": [],
            "enforce_private_link_endpoint_network_policies": false,
            "enforce_private_link_service_network_policies": false,
            "id": "/subscriptions/f885022c-6f84-4f86-b1df-f5ba31f0f071/resourceGroups/rg_fri/providers/Microsoft.Network/virtualNetworks/mon_vn/subnets/subnet1",
            "name": "subnet1",
            "resource_group_name": "rg_fri",
            "service_endpoints": [],
            "timeouts": null,
            "virtual_network_name": "mon_vn"
          },
          "private": "eyJlMmJmYjczMC1lY2FhLTExZTYtOGY4OC0zNDM2M2JjN2M0YzAiOnsiY3JlYXRlIjoxODAwMDAwMDAwMDAwLCJkZWxldGUiOjE4MDAwMDAwMDAwMDAsInJlYWQiOjMwMDAwMDAwMDAwMCwidXBkYXRlIjoxODAwMDAwMDAwMDAwfX0=",
          "dependencies": [
            "azurerm_resource_group.rg",
            "azurerm_virtual_network.vnet"
          ]
        },
        {
          "index_key": 2,
          "schema_version": 0,
          "attributes": {
            "address_prefix": "10.0.3.0/24",
            "delegation": [],
            "enforce_private_link_endpoint_network_policies": false,
            "enforce_private_link_service_network_policies": false,
            "id": "/subscriptions/f885022c-6f84-4f86-b1df-f5ba31f0f071/resourceGroups/rg_fri/providers/Microsoft.Network/virtualNetworks/mon_vn/subnets/subnet2",
            "name": "subnet2",
            "resource_group_name": "rg_fri",
            "service_endpoints": [],
            "timeouts": null,
            "virtual_network_name": "mon_vn"
          },
          "private": "eyJlMmJmYjczMC1lY2FhLTExZTYtOGY4OC0zNDM2M2JjN2M0YzAiOnsiY3JlYXRlIjoxODAwMDAwMDAwMDAwLCJkZWxldGUiOjE4MDAwMDAwMDAwMDAsInJlYWQiOjMwMDAwMDAwMDAwMCwidXBkYXRlIjoxODAwMDAwMDAwMDAwfX0=",
          "dependencies": [
            "azurerm_resource_group.rg",
            "azurerm_virtual_network.vnet"
          ]
        }
      ]
    },
    {
      "mode": "managed",
      "type": "azurerm_subnet_network_security_group_association",
      "name": "secu_assoc1",
      "each": "list",
      "provider": "provider.azurerm",
      "instances": [
        {
          "index_key": 0,
          "schema_version": 0,
          "attributes": {
            "id": "/subscriptions/f885022c-6f84-4f86-b1df-f5ba31f0f071/resourceGroups/rg_fri/providers/Microsoft.Network/virtualNetworks/mon_vn/subnets/subnet0",
            "network_security_group_id": "/subscriptions/f885022c-6f84-4f86-b1df-f5ba31f0f071/resourceGroups/rg_fri/providers/Microsoft.Network/networkSecurityGroups/secu_group",
            "subnet_id": "/subscriptions/f885022c-6f84-4f86-b1df-f5ba31f0f071/resourceGroups/rg_fri/providers/Microsoft.Network/virtualNetworks/mon_vn/subnets/subnet0",
            "timeouts": null
          },
          "private": "eyJlMmJmYjczMC1lY2FhLTExZTYtOGY4OC0zNDM2M2JjN2M0YzAiOnsiY3JlYXRlIjoxODAwMDAwMDAwMDAwLCJkZWxldGUiOjE4MDAwMDAwMDAwMDAsInJlYWQiOjMwMDAwMDAwMDAwMCwidXBkYXRlIjoxODAwMDAwMDAwMDAwfX0=",
          "dependencies": [
            "azurerm_network_security_group.secu",
            "azurerm_resource_group.rg",
            "azurerm_subnet.subnet",
            "azurerm_virtual_network.vnet"
          ]
        },
        {
          "index_key": 1,
          "schema_version": 0,
          "attributes": {
            "id": "/subscriptions/f885022c-6f84-4f86-b1df-f5ba31f0f071/resourceGroups/rg_fri/providers/Microsoft.Network/virtualNetworks/mon_vn/subnets/subnet1",
            "network_security_group_id": "/subscriptions/f885022c-6f84-4f86-b1df-f5ba31f0f071/resourceGroups/rg_fri/providers/Microsoft.Network/networkSecurityGroups/secu_group",
            "subnet_id": "/subscriptions/f885022c-6f84-4f86-b1df-f5ba31f0f071/resourceGroups/rg_fri/providers/Microsoft.Network/virtualNetworks/mon_vn/subnets/subnet1",
            "timeouts": null
          },
          "private": "eyJlMmJmYjczMC1lY2FhLTExZTYtOGY4OC0zNDM2M2JjN2M0YzAiOnsiY3JlYXRlIjoxODAwMDAwMDAwMDAwLCJkZWxldGUiOjE4MDAwMDAwMDAwMDAsInJlYWQiOjMwMDAwMDAwMDAwMCwidXBkYXRlIjoxODAwMDAwMDAwMDAwfX0=",
          "dependencies": [
            "azurerm_network_security_group.secu",
            "azurerm_resource_group.rg",
            "azurerm_subnet.subnet",
            "azurerm_virtual_network.vnet"
          ]
        },
        {
          "index_key": 2,
          "schema_version": 0,
          "attributes": {
            "id": "/subscriptions/f885022c-6f84-4f86-b1df-f5ba31f0f071/resourceGroups/rg_fri/providers/Microsoft.Network/virtualNetworks/mon_vn/subnets/subnet2",
            "network_security_group_id": "/subscriptions/f885022c-6f84-4f86-b1df-f5ba31f0f071/resourceGroups/rg_fri/providers/Microsoft.Network/networkSecurityGroups/secu_group",
            "subnet_id": "/subscriptions/f885022c-6f84-4f86-b1df-f5ba31f0f071/resourceGroups/rg_fri/providers/Microsoft.Network/virtualNetworks/mon_vn/subnets/subnet2",
            "timeouts": null
          },
          "private": "eyJlMmJmYjczMC1lY2FhLTExZTYtOGY4OC0zNDM2M2JjN2M0YzAiOnsiY3JlYXRlIjoxODAwMDAwMDAwMDAwLCJkZWxldGUiOjE4MDAwMDAwMDAwMDAsInJlYWQiOjMwMDAwMDAwMDAwMCwidXBkYXRlIjoxODAwMDAwMDAwMDAwfX0=",
          "dependencies": [
            "azurerm_network_security_group.secu",
            "azurerm_resource_group.rg",
            "azurerm_subnet.subnet",
            "azurerm_virtual_network.vnet"
          ]
        }
      ]
    },
    {
      "mode": "managed",
      "type": "azurerm_virtual_machine",
      "name": "jenkinsVM",
      "each": "list",
      "provider": "provider.azurerm",
      "instances": [
        {
          "index_key": 0,
          "schema_version": 0,
          "attributes": {
            "additional_capabilities": [],
            "availability_set_id": null,
            "boot_diagnostics": [],
            "delete_data_disks_on_termination": true,
            "delete_os_disk_on_termination": true,
            "id": "/subscriptions/f885022c-6f84-4f86-b1df-f5ba31f0f071/resourceGroups/rg_fri/providers/Microsoft.Compute/virtualMachines/jenkinsVM",
            "identity": [],
            "license_type": null,
            "location": "westeurope",
            "name": "jenkinsVM",
            "network_interface_ids": [
              "/subscriptions/f885022c-6f84-4f86-b1df-f5ba31f0f071/resourceGroups/rg_fri/providers/Microsoft.Network/networkInterfaces/nic0"
            ],
            "os_profile": [
              {
                "admin_password": "",
                "admin_username": "raph",
                "computer_name": "jenkinsVM",
                "custom_data": ""
              }
            ],
            "os_profile_linux_config": [
              {
                "disable_password_authentication": true,
                "ssh_keys": [
                  {
                    "key_data": "ssh-rsa AAAAB3NzaC1yc2EAAAADAQABAAABAQCeqtv4oEx4u6JbSoo0vrQAjB1BMLsA/9Bz5aQks0JXAN5qq3GED0wbwLX5Khh3zvG0hBM+P22DRz5l+3a868PJtE13U6FiP4YPX60quDcTFAEtEp0G/0gjDE9drP0lHlWzF1Js23uxRWXk44cIFMam1g/4bSm01WD/cnNzN7eOXoFo4+jzmTwgucTqpWJksKlJTGfmXcOjSZs7FfjSxoErwTimcWQpiOeWUN1KJGU24VKRPKMOowJAlenK9kNodMMuIwmTIzs+wLCCqdgxwMwg9f7Oan8CFipmv5xuy/JbFjYWG5Ts5C+GIeVNQx2z8GIZG0JwX6/dDTFZYhplbYUf vagrant@localhost.localdomain",
                    "path": "/home/raph/.ssh/authorized_keys"
                  }
                ]
              }
            ],
            "os_profile_secrets": [],
            "os_profile_windows_config": [],
            "plan": [],
            "primary_network_interface_id": null,
            "proximity_placement_group_id": null,
            "resource_group_name": "rg_fri",
            "storage_data_disk": [],
            "storage_image_reference": [
              {
                "id": "",
                "offer": "CentOS",
                "publisher": "OpenLogic",
                "sku": "7.6",
                "version": "latest"
              }
            ],
            "storage_os_disk": [
              {
                "caching": "ReadWrite",
                "create_option": "FromImage",
                "disk_size_gb": 30,
                "image_uri": "",
                "managed_disk_id": "/subscriptions/f885022c-6f84-4f86-b1df-f5ba31f0f071/resourceGroups/RG_FRI/providers/Microsoft.Compute/disks/disque_jenkinsVM",
                "managed_disk_type": "Standard_LRS",
                "name": "disque_jenkinsVM",
                "os_type": "Linux",
                "vhd_uri": "",
                "write_accelerator_enabled": false
              }
            ],
            "tags": {},
            "timeouts": null,
            "vm_size": "Standard_B1s",
            "zones": []
          },
          "private": "eyJlMmJmYjczMC1lY2FhLTExZTYtOGY4OC0zNDM2M2JjN2M0YzAiOnsiY3JlYXRlIjozNjAwMDAwMDAwMDAwLCJkZWxldGUiOjM2MDAwMDAwMDAwMDAsInJlYWQiOjMwMDAwMDAwMDAwMCwidXBkYXRlIjozNjAwMDAwMDAwMDAwfX0=",
          "dependencies": [
            "azurerm_network_interface.nic",
            "azurerm_public_ip.pub_ip",
            "azurerm_resource_group.rg",
            "azurerm_subnet.subnet",
            "azurerm_virtual_network.vnet"
          ]
        },
        {
          "index_key": 1,
          "schema_version": 0,
          "attributes": {
            "additional_capabilities": [],
            "availability_set_id": null,
            "boot_diagnostics": [],
            "delete_data_disks_on_termination": true,
            "delete_os_disk_on_termination": true,
            "id": "/subscriptions/f885022c-6f84-4f86-b1df-f5ba31f0f071/resourceGroups/rg_fri/providers/Microsoft.Compute/virtualMachines/dockerVM",
            "identity": [],
            "license_type": null,
            "location": "westeurope",
            "name": "dockerVM",
            "network_interface_ids": [
              "/subscriptions/f885022c-6f84-4f86-b1df-f5ba31f0f071/resourceGroups/rg_fri/providers/Microsoft.Network/networkInterfaces/nic1"
            ],
            "os_profile": [
              {
                "admin_password": "",
                "admin_username": "raph",
                "computer_name": "dockerVM",
                "custom_data": ""
              }
            ],
            "os_profile_linux_config": [
              {
                "disable_password_authentication": true,
                "ssh_keys": [
                  {
                    "key_data": "ssh-rsa AAAAB3NzaC1yc2EAAAADAQABAAABAQCeqtv4oEx4u6JbSoo0vrQAjB1BMLsA/9Bz5aQks0JXAN5qq3GED0wbwLX5Khh3zvG0hBM+P22DRz5l+3a868PJtE13U6FiP4YPX60quDcTFAEtEp0G/0gjDE9drP0lHlWzF1Js23uxRWXk44cIFMam1g/4bSm01WD/cnNzN7eOXoFo4+jzmTwgucTqpWJksKlJTGfmXcOjSZs7FfjSxoErwTimcWQpiOeWUN1KJGU24VKRPKMOowJAlenK9kNodMMuIwmTIzs+wLCCqdgxwMwg9f7Oan8CFipmv5xuy/JbFjYWG5Ts5C+GIeVNQx2z8GIZG0JwX6/dDTFZYhplbYUf vagrant@localhost.localdomain",
                    "path": "/home/raph/.ssh/authorized_keys"
                  }
                ]
              }
            ],
            "os_profile_secrets": [],
            "os_profile_windows_config": [],
            "plan": [],
            "primary_network_interface_id": null,
            "proximity_placement_group_id": null,
            "resource_group_name": "rg_fri",
            "storage_data_disk": [],
            "storage_image_reference": [
              {
                "id": "",
                "offer": "CentOS",
                "publisher": "OpenLogic",
                "sku": "7.6",
                "version": "latest"
              }
            ],
            "storage_os_disk": [
              {
                "caching": "ReadWrite",
                "create_option": "FromImage",
                "disk_size_gb": 30,
                "image_uri": "",
                "managed_disk_id": "/subscriptions/f885022c-6f84-4f86-b1df-f5ba31f0f071/resourceGroups/RG_FRI/providers/Microsoft.Compute/disks/disque_dockerVM",
                "managed_disk_type": "Standard_LRS",
                "name": "disque_dockerVM",
                "os_type": "Linux",
                "vhd_uri": "",
                "write_accelerator_enabled": false
              }
            ],
            "tags": {},
            "timeouts": null,
            "vm_size": "Standard_B1s",
            "zones": []
          },
          "private": "eyJlMmJmYjczMC1lY2FhLTExZTYtOGY4OC0zNDM2M2JjN2M0YzAiOnsiY3JlYXRlIjozNjAwMDAwMDAwMDAwLCJkZWxldGUiOjM2MDAwMDAwMDAwMDAsInJlYWQiOjMwMDAwMDAwMDAwMCwidXBkYXRlIjozNjAwMDAwMDAwMDAwfX0=",
          "dependencies": [
            "azurerm_network_interface.nic",
            "azurerm_public_ip.pub_ip",
            "azurerm_resource_group.rg",
            "azurerm_subnet.subnet",
            "azurerm_virtual_network.vnet"
          ]
        },
        {
          "index_key": 2,
          "schema_version": 0,
          "attributes": {
            "additional_capabilities": [],
            "availability_set_id": null,
            "boot_diagnostics": [],
            "delete_data_disks_on_termination": true,
            "delete_os_disk_on_termination": true,
            "id": "/subscriptions/f885022c-6f84-4f86-b1df-f5ba31f0f071/resourceGroups/rg_fri/providers/Microsoft.Compute/virtualMachines/reverseproxy",
            "identity": [],
            "license_type": null,
            "location": "westeurope",
            "name": "reverseproxy",
            "network_interface_ids": [
              "/subscriptions/f885022c-6f84-4f86-b1df-f5ba31f0f071/resourceGroups/rg_fri/providers/Microsoft.Network/networkInterfaces/nic2"
            ],
            "os_profile": [
              {
                "admin_password": "",
                "admin_username": "raph",
                "computer_name": "reverseproxy",
                "custom_data": ""
              }
            ],
            "os_profile_linux_config": [
              {
                "disable_password_authentication": true,
                "ssh_keys": [
                  {
                    "key_data": "ssh-rsa AAAAB3NzaC1yc2EAAAADAQABAAABAQCeqtv4oEx4u6JbSoo0vrQAjB1BMLsA/9Bz5aQks0JXAN5qq3GED0wbwLX5Khh3zvG0hBM+P22DRz5l+3a868PJtE13U6FiP4YPX60quDcTFAEtEp0G/0gjDE9drP0lHlWzF1Js23uxRWXk44cIFMam1g/4bSm01WD/cnNzN7eOXoFo4+jzmTwgucTqpWJksKlJTGfmXcOjSZs7FfjSxoErwTimcWQpiOeWUN1KJGU24VKRPKMOowJAlenK9kNodMMuIwmTIzs+wLCCqdgxwMwg9f7Oan8CFipmv5xuy/JbFjYWG5Ts5C+GIeVNQx2z8GIZG0JwX6/dDTFZYhplbYUf vagrant@localhost.localdomain",
                    "path": "/home/raph/.ssh/authorized_keys"
                  }
                ]
              }
            ],
            "os_profile_secrets": [],
            "os_profile_windows_config": [],
            "plan": [],
            "primary_network_interface_id": null,
            "proximity_placement_group_id": null,
            "resource_group_name": "rg_fri",
            "storage_data_disk": [],
            "storage_image_reference": [
              {
                "id": "",
                "offer": "CentOS",
                "publisher": "OpenLogic",
                "sku": "7.6",
                "version": "latest"
              }
            ],
            "storage_os_disk": [
              {
                "caching": "ReadWrite",
                "create_option": "FromImage",
                "disk_size_gb": 30,
                "image_uri": "",
                "managed_disk_id": "/subscriptions/f885022c-6f84-4f86-b1df-f5ba31f0f071/resourceGroups/RG_FRI/providers/Microsoft.Compute/disks/disque_reverseproxy",
                "managed_disk_type": "Standard_LRS",
                "name": "disque_reverseproxy",
                "os_type": "Linux",
                "vhd_uri": "",
                "write_accelerator_enabled": false
              }
            ],
            "tags": {},
            "timeouts": null,
            "vm_size": "Standard_B1s",
            "zones": []
          },
          "private": "eyJlMmJmYjczMC1lY2FhLTExZTYtOGY4OC0zNDM2M2JjN2M0YzAiOnsiY3JlYXRlIjozNjAwMDAwMDAwMDAwLCJkZWxldGUiOjM2MDAwMDAwMDAwMDAsInJlYWQiOjMwMDAwMDAwMDAwMCwidXBkYXRlIjozNjAwMDAwMDAwMDAwfX0=",
          "dependencies": [
            "azurerm_network_interface.nic",
            "azurerm_public_ip.pub_ip",
            "azurerm_resource_group.rg",
            "azurerm_subnet.subnet",
            "azurerm_virtual_network.vnet"
          ]
        }
      ]
    },
    {
      "mode": "managed",
      "type": "azurerm_virtual_network",
      "name": "vnet",
      "provider": "provider.azurerm",
      "instances": [
        {
          "schema_version": 0,
          "attributes": {
            "address_space": [
              "10.0.0.0/16"
            ],
            "ddos_protection_plan": [],
            "dns_servers": [],
            "id": "/subscriptions/f885022c-6f84-4f86-b1df-f5ba31f0f071/resourceGroups/rg_fri/providers/Microsoft.Network/virtualNetworks/mon_vn",
            "location": "westeurope",
            "name": "mon_vn",
            "resource_group_name": "rg_fri",
            "subnet": [
              {
                "address_prefix": "10.0.1.0/24",
                "id": "/subscriptions/f885022c-6f84-4f86-b1df-f5ba31f0f071/resourceGroups/rg_fri/providers/Microsoft.Network/virtualNetworks/mon_vn/subnets/subnet0",
                "name": "subnet0",
                "security_group": "/subscriptions/f885022c-6f84-4f86-b1df-f5ba31f0f071/resourceGroups/rg_fri/providers/Microsoft.Network/networkSecurityGroups/secu_group"
              },
              {
                "address_prefix": "10.0.2.0/24",
                "id": "/subscriptions/f885022c-6f84-4f86-b1df-f5ba31f0f071/resourceGroups/rg_fri/providers/Microsoft.Network/virtualNetworks/mon_vn/subnets/subnet1",
                "name": "subnet1",
                "security_group": "/subscriptions/f885022c-6f84-4f86-b1df-f5ba31f0f071/resourceGroups/rg_fri/providers/Microsoft.Network/networkSecurityGroups/secu_group"
              },
              {
                "address_prefix": "10.0.3.0/24",
                "id": "/subscriptions/f885022c-6f84-4f86-b1df-f5ba31f0f071/resourceGroups/rg_fri/providers/Microsoft.Network/virtualNetworks/mon_vn/subnets/subnet2",
                "name": "subnet2",
                "security_group": "/subscriptions/f885022c-6f84-4f86-b1df-f5ba31f0f071/resourceGroups/rg_fri/providers/Microsoft.Network/networkSecurityGroups/secu_group"
              }
            ],
            "tags": {},
            "timeouts": null
          },
          "private": "eyJlMmJmYjczMC1lY2FhLTExZTYtOGY4OC0zNDM2M2JjN2M0YzAiOnsiY3JlYXRlIjoxODAwMDAwMDAwMDAwLCJkZWxldGUiOjE4MDAwMDAwMDAwMDAsInJlYWQiOjMwMDAwMDAwMDAwMCwidXBkYXRlIjoxODAwMDAwMDAwMDAwfX0=",
          "dependencies": [
            "azurerm_resource_group.rg"
          ]
        }
      ]
    }
  ]
}
